// !$*UTF8*$!
{
	archiveVersion = 1;
	classes = {
	};
	objectVersion = 46;
	objects = {

/* Begin PBXBuildFile section */
		A800A3471D354B2C001970FF /* AppDelegate.swift in Sources */ = {isa = PBXBuildFile; fileRef = A800A3461D354B2C001970FF /* AppDelegate.swift */; };
		A800A3491D354B2C001970FF /* ViewController.swift in Sources */ = {isa = PBXBuildFile; fileRef = A800A3481D354B2C001970FF /* ViewController.swift */; };
		A800A34C1D354B2C001970FF /* Main.storyboard in Resources */ = {isa = PBXBuildFile; fileRef = A800A34A1D354B2C001970FF /* Main.storyboard */; };
		A800A34E1D354B2C001970FF /* Assets.xcassets in Resources */ = {isa = PBXBuildFile; fileRef = A800A34D1D354B2C001970FF /* Assets.xcassets */; };
		A800A3511D354B2C001970FF /* LaunchScreen.storyboard in Resources */ = {isa = PBXBuildFile; fileRef = A800A34F1D354B2C001970FF /* LaunchScreen.storyboard */; };
		A800A35C1D354B2D001970FF /* CoolNotesTests.swift in Sources */ = {isa = PBXBuildFile; fileRef = A800A35B1D354B2D001970FF /* CoolNotesTests.swift */; };
		A800A3671D354B2D001970FF /* CoolNotesUITests.swift in Sources */ = {isa = PBXBuildFile; fileRef = A800A3661D354B2D001970FF /* CoolNotesUITests.swift */; };
		A800A3761D354B87001970FF /* NotesData.xcdatamodeld in Sources */ = {isa = PBXBuildFile; fileRef = A800A3741D354B87001970FF /* NotesData.xcdatamodeld */; };
		A800A3781D35509F001970FF /* CoreDataStack.swift in Sources */ = {isa = PBXBuildFile; fileRef = A800A3771D35509F001970FF /* CoreDataStack.swift */; };
		A800A37D1D35510C001970FF /* Note+CoreDataProperties.swift in Sources */ = {isa = PBXBuildFile; fileRef = A800A3791D35510C001970FF /* Note+CoreDataProperties.swift */; };
		A800A37E1D35510C001970FF /* Note.swift in Sources */ = {isa = PBXBuildFile; fileRef = A800A37A1D35510C001970FF /* Note.swift */; };
		A800A37F1D35510C001970FF /* Notebook+CoreDataProperties.swift in Sources */ = {isa = PBXBuildFile; fileRef = A800A37B1D35510C001970FF /* Notebook+CoreDataProperties.swift */; };
		A800A3801D35510C001970FF /* Notebook.swift in Sources */ = {isa = PBXBuildFile; fileRef = A800A37C1D35510C001970FF /* Notebook.swift */; };
/* End PBXBuildFile section */

/* Begin PBXContainerItemProxy section */
		A800A3581D354B2D001970FF /* PBXContainerItemProxy */ = {
			isa = PBXContainerItemProxy;
			containerPortal = A800A33B1D354B2C001970FF /* Project object */;
			proxyType = 1;
			remoteGlobalIDString = A800A3421D354B2C001970FF;
			remoteInfo = CoolNotes;
		};
		A800A3631D354B2D001970FF /* PBXContainerItemProxy */ = {
			isa = PBXContainerItemProxy;
			containerPortal = A800A33B1D354B2C001970FF /* Project object */;
			proxyType = 1;
			remoteGlobalIDString = A800A3421D354B2C001970FF;
			remoteInfo = CoolNotes;
		};
/* End PBXContainerItemProxy section */

/* Begin PBXFileReference section */
		A800A3431D354B2C001970FF /* CoolNotes.app */ = {isa = PBXFileReference; explicitFileType = wrapper.application; includeInIndex = 0; path = CoolNotes.app; sourceTree = BUILT_PRODUCTS_DIR; };
		A800A3461D354B2C001970FF /* AppDelegate.swift */ = {isa = PBXFileReference; lastKnownFileType = sourcecode.swift; path = AppDelegate.swift; sourceTree = "<group>"; };
		A800A3481D354B2C001970FF /* ViewController.swift */ = {isa = PBXFileReference; lastKnownFileType = sourcecode.swift; path = ViewController.swift; sourceTree = "<group>"; };
		A800A34B1D354B2C001970FF /* Base */ = {isa = PBXFileReference; lastKnownFileType = file.storyboard; name = Base; path = Base.lproj/Main.storyboard; sourceTree = "<group>"; };
		A800A34D1D354B2C001970FF /* Assets.xcassets */ = {isa = PBXFileReference; lastKnownFileType = folder.assetcatalog; path = Assets.xcassets; sourceTree = "<group>"; };
		A800A3501D354B2C001970FF /* Base */ = {isa = PBXFileReference; lastKnownFileType = file.storyboard; name = Base; path = Base.lproj/LaunchScreen.storyboard; sourceTree = "<group>"; };
		A800A3521D354B2C001970FF /* Info.plist */ = {isa = PBXFileReference; lastKnownFileType = text.plist.xml; path = Info.plist; sourceTree = "<group>"; };
		A800A3571D354B2D001970FF /* CoolNotesTests.xctest */ = {isa = PBXFileReference; explicitFileType = wrapper.cfbundle; includeInIndex = 0; path = CoolNotesTests.xctest; sourceTree = BUILT_PRODUCTS_DIR; };
		A800A35B1D354B2D001970FF /* CoolNotesTests.swift */ = {isa = PBXFileReference; lastKnownFileType = sourcecode.swift; path = CoolNotesTests.swift; sourceTree = "<group>"; };
		A800A35D1D354B2D001970FF /* Info.plist */ = {isa = PBXFileReference; lastKnownFileType = text.plist.xml; path = Info.plist; sourceTree = "<group>"; };
		A800A3621D354B2D001970FF /* CoolNotesUITests.xctest */ = {isa = PBXFileReference; explicitFileType = wrapper.cfbundle; includeInIndex = 0; path = CoolNotesUITests.xctest; sourceTree = BUILT_PRODUCTS_DIR; };
		A800A3661D354B2D001970FF /* CoolNotesUITests.swift */ = {isa = PBXFileReference; lastKnownFileType = sourcecode.swift; path = CoolNotesUITests.swift; sourceTree = "<group>"; };
		A800A3681D354B2D001970FF /* Info.plist */ = {isa = PBXFileReference; lastKnownFileType = text.plist.xml; path = Info.plist; sourceTree = "<group>"; };
		A800A3751D354B87001970FF /* NotesData.xcdatamodel */ = {isa = PBXFileReference; lastKnownFileType = wrapper.xcdatamodel; path = NotesData.xcdatamodel; sourceTree = "<group>"; };
		A800A3771D35509F001970FF /* CoreDataStack.swift */ = {isa = PBXFileReference; fileEncoding = 4; lastKnownFileType = sourcecode.swift; path = CoreDataStack.swift; sourceTree = "<group>"; };
		A800A3791D35510C001970FF /* Note+CoreDataProperties.swift */ = {isa = PBXFileReference; fileEncoding = 4; lastKnownFileType = sourcecode.swift; name = "Note+CoreDataProperties.swift"; path = "../Note+CoreDataProperties.swift"; sourceTree = "<group>"; };
		A800A37A1D35510C001970FF /* Note.swift */ = {isa = PBXFileReference; fileEncoding = 4; lastKnownFileType = sourcecode.swift; name = Note.swift; path = ../Note.swift; sourceTree = "<group>"; };
		A800A37B1D35510C001970FF /* Notebook+CoreDataProperties.swift */ = {isa = PBXFileReference; fileEncoding = 4; lastKnownFileType = sourcecode.swift; name = "Notebook+CoreDataProperties.swift"; path = "../Notebook+CoreDataProperties.swift"; sourceTree = "<group>"; };
		A800A37C1D35510C001970FF /* Notebook.swift */ = {isa = PBXFileReference; fileEncoding = 4; lastKnownFileType = sourcecode.swift; name = Notebook.swift; path = ../Notebook.swift; sourceTree = "<group>"; };
/* End PBXFileReference section */

/* Begin PBXFrameworksBuildPhase section */
		A800A3401D354B2C001970FF /* Frameworks */ = {
			isa = PBXFrameworksBuildPhase;
			buildActionMask = 2147483647;
			files = (
			);
			runOnlyForDeploymentPostprocessing = 0;
		};
		A800A3541D354B2D001970FF /* Frameworks */ = {
			isa = PBXFrameworksBuildPhase;
			buildActionMask = 2147483647;
			files = (
			);
			runOnlyForDeploymentPostprocessing = 0;
		};
		A800A35F1D354B2D001970FF /* Frameworks */ = {
			isa = PBXFrameworksBuildPhase;
			buildActionMask = 2147483647;
			files = (
			);
			runOnlyForDeploymentPostprocessing = 0;
		};
/* End PBXFrameworksBuildPhase section */

/* Begin PBXGroup section */
		A800A33A1D354B2C001970FF = {
			isa = PBXGroup;
			children = (
				A800A3451D354B2C001970FF /* CoolNotes */,
				A800A35A1D354B2D001970FF /* CoolNotesTests */,
				A800A3651D354B2D001970FF /* CoolNotesUITests */,
				A800A3441D354B2C001970FF /* Products */,
			);
			sourceTree = "<group>";
		};
		A800A3441D354B2C001970FF /* Products */ = {
			isa = PBXGroup;
			children = (
				A800A3431D354B2C001970FF /* CoolNotes.app */,
				A800A3571D354B2D001970FF /* CoolNotesTests.xctest */,
				A800A3621D354B2D001970FF /* CoolNotesUITests.xctest */,
			);
			name = Products;
			sourceTree = "<group>";
		};
		A800A3451D354B2C001970FF /* CoolNotes */ = {
			isa = PBXGroup;
			children = (
				A800A3851D355292001970FF /* Model */,
				A800A3461D354B2C001970FF /* AppDelegate.swift */,
				A800A3481D354B2C001970FF /* ViewController.swift */,
				A800A34A1D354B2C001970FF /* Main.storyboard */,
				A800A34D1D354B2C001970FF /* Assets.xcassets */,
				A800A34F1D354B2C001970FF /* LaunchScreen.storyboard */,
				A800A3521D354B2C001970FF /* Info.plist */,
			);
			path = CoolNotes;
			sourceTree = "<group>";
		};
		A800A35A1D354B2D001970FF /* CoolNotesTests */ = {
			isa = PBXGroup;
			children = (
				A800A35B1D354B2D001970FF /* CoolNotesTests.swift */,
				A800A35D1D354B2D001970FF /* Info.plist */,
			);
			path = CoolNotesTests;
			sourceTree = "<group>";
		};
		A800A3651D354B2D001970FF /* CoolNotesUITests */ = {
			isa = PBXGroup;
			children = (
				A800A3661D354B2D001970FF /* CoolNotesUITests.swift */,
				A800A3681D354B2D001970FF /* Info.plist */,
			);
			path = CoolNotesUITests;
			sourceTree = "<group>";
		};
		A800A3851D355292001970FF /* Model */ = {
			isa = PBXGroup;
			children = (
				A800A3771D35509F001970FF /* CoreDataStack.swift */,
				A800A3791D35510C001970FF /* Note+CoreDataProperties.swift */,
				A800A37A1D35510C001970FF /* Note.swift */,
				A800A37B1D35510C001970FF /* Notebook+CoreDataProperties.swift */,
				A800A37C1D35510C001970FF /* Notebook.swift */,
				A800A3741D354B87001970FF /* NotesData.xcdatamodeld */,
			);
			name = Model;
			sourceTree = "<group>";
		};
/* End PBXGroup section */

/* Begin PBXNativeTarget section */
		A800A3421D354B2C001970FF /* CoolNotes */ = {
			isa = PBXNativeTarget;
			buildConfigurationList = A800A36B1D354B2D001970FF /* Build configuration list for PBXNativeTarget "CoolNotes" */;
			buildPhases = (
				A800A33F1D354B2C001970FF /* Sources */,
				A800A3401D354B2C001970FF /* Frameworks */,
				A800A3411D354B2C001970FF /* Resources */,
			);
			buildRules = (
			);
			dependencies = (
			);
			name = CoolNotes;
			productName = CoolNotes;
			productReference = A800A3431D354B2C001970FF /* CoolNotes.app */;
			productType = "com.apple.product-type.application";
		};
		A800A3561D354B2D001970FF /* CoolNotesTests */ = {
			isa = PBXNativeTarget;
			buildConfigurationList = A800A36E1D354B2D001970FF /* Build configuration list for PBXNativeTarget "CoolNotesTests" */;
			buildPhases = (
				A800A3531D354B2D001970FF /* Sources */,
				A800A3541D354B2D001970FF /* Frameworks */,
				A800A3551D354B2D001970FF /* Resources */,
			);
			buildRules = (
			);
			dependencies = (
				A800A3591D354B2D001970FF /* PBXTargetDependency */,
			);
			name = CoolNotesTests;
			productName = CoolNotesTests;
			productReference = A800A3571D354B2D001970FF /* CoolNotesTests.xctest */;
			productType = "com.apple.product-type.bundle.unit-test";
		};
		A800A3611D354B2D001970FF /* CoolNotesUITests */ = {
			isa = PBXNativeTarget;
			buildConfigurationList = A800A3711D354B2D001970FF /* Build configuration list for PBXNativeTarget "CoolNotesUITests" */;
			buildPhases = (
				A800A35E1D354B2D001970FF /* Sources */,
				A800A35F1D354B2D001970FF /* Frameworks */,
				A800A3601D354B2D001970FF /* Resources */,
			);
			buildRules = (
			);
			dependencies = (
				A800A3641D354B2D001970FF /* PBXTargetDependency */,
			);
			name = CoolNotesUITests;
			productName = CoolNotesUITests;
			productReference = A800A3621D354B2D001970FF /* CoolNotesUITests.xctest */;
			productType = "com.apple.product-type.bundle.ui-testing";
		};
/* End PBXNativeTarget section */

/* Begin PBXProject section */
		A800A33B1D354B2C001970FF /* Project object */ = {
			isa = PBXProject;
			attributes = {
				LastSwiftUpdateCheck = 0730;
				LastUpgradeCheck = 0730;
				ORGANIZATIONNAME = "Hsu, KuoCheng";
				TargetAttributes = {
					A800A3421D354B2C001970FF = {
						CreatedOnToolsVersion = 7.3.1;
					};
					A800A3561D354B2D001970FF = {
						CreatedOnToolsVersion = 7.3.1;
						TestTargetID = A800A3421D354B2C001970FF;
					};
					A800A3611D354B2D001970FF = {
						CreatedOnToolsVersion = 7.3.1;
						TestTargetID = A800A3421D354B2C001970FF;
					};
				};
			};
			buildConfigurationList = A800A33E1D354B2C001970FF /* Build configuration list for PBXProject "CoolNotes" */;
			compatibilityVersion = "Xcode 3.2";
			developmentRegion = English;
			hasScannedForEncodings = 0;
			knownRegions = (
				en,
				Base,
			);
			mainGroup = A800A33A1D354B2C001970FF;
			productRefGroup = A800A3441D354B2C001970FF /* Products */;
			projectDirPath = "";
			projectRoot = "";
			targets = (
				A800A3421D354B2C001970FF /* CoolNotes */,
				A800A3561D354B2D001970FF /* CoolNotesTests */,
				A800A3611D354B2D001970FF /* CoolNotesUITests */,
			);
		};
/* End PBXProject section */

/* Begin PBXResourcesBuildPhase section */
		A800A3411D354B2C001970FF /* Resources */ = {
			isa = PBXResourcesBuildPhase;
			buildActionMask = 2147483647;
			files = (
				A800A3511D354B2C001970FF /* LaunchScreen.storyboard in Resources */,
				A800A34E1D354B2C001970FF /* Assets.xcassets in Resources */,
				A800A34C1D354B2C001970FF /* Main.storyboard in Resources */,
			);
			runOnlyForDeploymentPostprocessing = 0;
		};
		A800A3551D354B2D001970FF /* Resources */ = {
			isa = PBXResourcesBuildPhase;
			buildActionMask = 2147483647;
			files = (
			);
			runOnlyForDeploymentPostprocessing = 0;
		};
		A800A3601D354B2D001970FF /* Resources */ = {
			isa = PBXResourcesBuildPhase;
			buildActionMask = 2147483647;
			files = (
			);
			runOnlyForDeploymentPostprocessing = 0;
		};
/* End PBXResourcesBuildPhase section */

/* Begin PBXSourcesBuildPhase section */
		A800A33F1D354B2C001970FF /* Sources */ = {
			isa = PBXSourcesBuildPhase;
			buildActionMask = 2147483647;
			files = (
				A800A3761D354B87001970FF /* NotesData.xcdatamodeld in Sources */,
				A800A3491D354B2C001970FF /* ViewController.swift in Sources */,
				A800A3801D35510C001970FF /* Notebook.swift in Sources */,
				A800A3471D354B2C001970FF /* AppDelegate.swift in Sources */,
				A800A3781D35509F001970FF /* CoreDataStack.swift in Sources */,
				A800A37F1D35510C001970FF /* Notebook+CoreDataProperties.swift in Sources */,
				A800A37D1D35510C001970FF /* Note+CoreDataProperties.swift in Sources */,
				A800A37E1D35510C001970FF /* Note.swift in Sources */,
			);
			runOnlyForDeploymentPostprocessing = 0;
		};
		A800A3531D354B2D001970FF /* Sources */ = {
			isa = PBXSourcesBuildPhase;
			buildActionMask = 2147483647;
			files = (
				A800A35C1D354B2D001970FF /* CoolNotesTests.swift in Sources */,
			);
			runOnlyForDeploymentPostprocessing = 0;
		};
		A800A35E1D354B2D001970FF /* Sources */ = {
			isa = PBXSourcesBuildPhase;
			buildActionMask = 2147483647;
			files = (
				A800A3671D354B2D001970FF /* CoolNotesUITests.swift in Sources */,
			);
			runOnlyForDeploymentPostprocessing = 0;
		};
/* End PBXSourcesBuildPhase section */

/* Begin PBXTargetDependency section */
		A800A3591D354B2D001970FF /* PBXTargetDependency */ = {
			isa = PBXTargetDependency;
			target = A800A3421D354B2C001970FF /* CoolNotes */;
			targetProxy = A800A3581D354B2D001970FF /* PBXContainerItemProxy */;
		};
		A800A3641D354B2D001970FF /* PBXTargetDependency */ = {
			isa = PBXTargetDependency;
			target = A800A3421D354B2C001970FF /* CoolNotes */;
			targetProxy = A800A3631D354B2D001970FF /* PBXContainerItemProxy */;
		};
/* End PBXTargetDependency section */

/* Begin PBXVariantGroup section */
		A800A34A1D354B2C001970FF /* Main.storyboard */ = {
			isa = PBXVariantGroup;
			children = (
				A800A34B1D354B2C001970FF /* Base */,
			);
			name = Main.storyboard;
			sourceTree = "<group>";
		};
		A800A34F1D354B2C001970FF /* LaunchScreen.storyboard */ = {
			isa = PBXVariantGroup;
			children = (
				A800A3501D354B2C001970FF /* Base */,
			);
			name = LaunchScreen.storyboard;
			sourceTree = "<group>";
		};
/* End PBXVariantGroup section */

/* Begin XCBuildConfiguration section */
		A800A3691D354B2D001970FF /* Debug */ = {
			isa = XCBuildConfiguration;
			buildSettings = {
				ALWAYS_SEARCH_USER_PATHS = NO;
				CLANG_ANALYZER_NONNULL = YES;
				CLANG_CXX_LANGUAGE_STANDARD = "gnu++0x";
				CLANG_CXX_LIBRARY = "libc++";
				CLANG_ENABLE_MODULES = YES;
				CLANG_ENABLE_OBJC_ARC = YES;
				CLANG_WARN_BOOL_CONVERSION = YES;
				CLANG_WARN_CONSTANT_CONVERSION = YES;
				CLANG_WARN_DIRECT_OBJC_ISA_USAGE = YES_ERROR;
				CLANG_WARN_EMPTY_BODY = YES;
				CLANG_WARN_ENUM_CONVERSION = YES;
				CLANG_WARN_INT_CONVERSION = YES;
				CLANG_WARN_OBJC_ROOT_CLASS = YES_ERROR;
				CLANG_WARN_UNREACHABLE_CODE = YES;
				CLANG_WARN__DUPLICATE_METHOD_MATCH = YES;
				"CODE_SIGN_IDENTITY[sdk=iphoneos*]" = "iPhone Developer";
				COPY_PHASE_STRIP = NO;
				DEBUG_INFORMATION_FORMAT = dwarf;
				ENABLE_STRICT_OBJC_MSGSEND = YES;
				ENABLE_TESTABILITY = YES;
				GCC_C_LANGUAGE_STANDARD = gnu99;
				GCC_DYNAMIC_NO_PIC = NO;
				GCC_NO_COMMON_BLOCKS = YES;
				GCC_OPTIMIZATION_LEVEL = 0;
				GCC_PREPROCESSOR_DEFINITIONS = (
					"DEBUG=1",
					"$(inherited)",
				);
				GCC_WARN_64_TO_32_BIT_CONVERSION = YES;
				GCC_WARN_ABOUT_RETURN_TYPE = YES_ERROR;
				GCC_WARN_UNDECLARED_SELECTOR = YES;
				GCC_WARN_UNINITIALIZED_AUTOS = YES_AGGRESSIVE;
				GCC_WARN_UNUSED_FUNCTION = YES;
				GCC_WARN_UNUSED_VARIABLE = YES;
				IPHONEOS_DEPLOYMENT_TARGET = 9.3;
				MTL_ENABLE_DEBUG_INFO = YES;
				ONLY_ACTIVE_ARCH = YES;
				SDKROOT = iphoneos;
				SWIFT_OPTIMIZATION_LEVEL = "-Onone";
				TARGETED_DEVICE_FAMILY = "1,2";
			};
			name = Debug;
		};
		A800A36A1D354B2D001970FF /* Release */ = {
			isa = XCBuildConfiguration;
			buildSettings = {
				ALWAYS_SEARCH_USER_PATHS = NO;
				CLANG_ANALYZER_NONNULL = YES;
				CLANG_CXX_LANGUAGE_STANDARD = "gnu++0x";
				CLANG_CXX_LIBRARY = "libc++";
				CLANG_ENABLE_MODULES = YES;
				CLANG_ENABLE_OBJC_ARC = YES;
				CLANG_WARN_BOOL_CONVERSION = YES;
				CLANG_WARN_CONSTANT_CONVERSION = YES;
				CLANG_WARN_DIRECT_OBJC_ISA_USAGE = YES_ERROR;
				CLANG_WARN_EMPTY_BODY = YES;
				CLANG_WARN_ENUM_CONVERSION = YES;
				CLANG_WARN_INT_CONVERSION = YES;
				CLANG_WARN_OBJC_ROOT_CLASS = YES_ERROR;
				CLANG_WARN_UNREACHABLE_CODE = YES;
				CLANG_WARN__DUPLICATE_METHOD_MATCH = YES;
				"CODE_SIGN_IDENTITY[sdk=iphoneos*]" = "iPhone Developer";
				COPY_PHASE_STRIP = NO;
				DEBUG_INFORMATION_FORMAT = "dwarf-with-dsym";
				ENABLE_NS_ASSERTIONS = NO;
				ENABLE_STRICT_OBJC_MSGSEND = YES;
				GCC_C_LANGUAGE_STANDARD = gnu99;
				GCC_NO_COMMON_BLOCKS = YES;
				GCC_WARN_64_TO_32_BIT_CONVERSION = YES;
				GCC_WARN_ABOUT_RETURN_TYPE = YES_ERROR;
				GCC_WARN_UNDECLARED_SELECTOR = YES;
				GCC_WARN_UNINITIALIZED_AUTOS = YES_AGGRESSIVE;
				GCC_WARN_UNUSED_FUNCTION = YES;
				GCC_WARN_UNUSED_VARIABLE = YES;
				IPHONEOS_DEPLOYMENT_TARGET = 9.3;
				MTL_ENABLE_DEBUG_INFO = NO;
				SDKROOT = iphoneos;
				TARGETED_DEVICE_FAMILY = "1,2";
				VALIDATE_PRODUCT = YES;
			};
			name = Release;
		};
		A800A36C1D354B2D001970FF /* Debug */ = {
			isa = XCBuildConfiguration;
			buildSettings = {
				ASSETCATALOG_COMPILER_APPICON_NAME = AppIcon;
				INFOPLIST_FILE = CoolNotes/Info.plist;
				LD_RUNPATH_SEARCH_PATHS = "$(inherited) @executable_path/Frameworks";
				PRODUCT_BUNDLE_IDENTIFIER = laughingMonkey.CoolNotes;
				PRODUCT_NAME = "$(TARGET_NAME)";
			};
			name = Debug;
		};
		A800A36D1D354B2D001970FF /* Release */ = {
			isa = XCBuildConfiguration;
			buildSettings = {
				ASSETCATALOG_COMPILER_APPICON_NAME = AppIcon;
				INFOPLIST_FILE = CoolNotes/Info.plist;
				LD_RUNPATH_SEARCH_PATHS = "$(inherited) @executable_path/Frameworks";
				PRODUCT_BUNDLE_IDENTIFIER = laughingMonkey.CoolNotes;
				PRODUCT_NAME = "$(TARGET_NAME)";
			};
			name = Release;
		};
		A800A36F1D354B2D001970FF /* Debug */ = {
			isa = XCBuildConfiguration;
			buildSettings = {
				BUNDLE_LOADER = "$(TEST_HOST)";
				INFOPLIST_FILE = CoolNotesTests/Info.plist;
				LD_RUNPATH_SEARCH_PATHS = "$(inherited) @executable_path/Frameworks @loader_path/Frameworks";
				PRODUCT_BUNDLE_IDENTIFIER = laughingMonkey.CoolNotesTests;
				PRODUCT_NAME = "$(TARGET_NAME)";
				TEST_HOST = "$(BUILT_PRODUCTS_DIR)/CoolNotes.app/CoolNotes";
			};
			name = Debug;
		};
		A800A3701D354B2D001970FF /* Release */ = {
			isa = XCBuildConfiguration;
			buildSettings = {
				BUNDLE_LOADER = "$(TEST_HOST)";
				INFOPLIST_FILE = CoolNotesTests/Info.plist;
				LD_RUNPATH_SEARCH_PATHS = "$(inherited) @executable_path/Frameworks @loader_path/Frameworks";
				PRODUCT_BUNDLE_IDENTIFIER = laughingMonkey.CoolNotesTests;
				PRODUCT_NAME = "$(TARGET_NAME)";
				TEST_HOST = "$(BUILT_PRODUCTS_DIR)/CoolNotes.app/CoolNotes";
			};
			name = Release;
		};
		A800A3721D354B2D001970FF /* Debug */ = {
			isa = XCBuildConfiguration;
			buildSettings = {
				INFOPLIST_FILE = CoolNotesUITests/Info.plist;
				LD_RUNPATH_SEARCH_PATHS = "$(inherited) @executable_path/Frameworks @loader_path/Frameworks";
				PRODUCT_BUNDLE_IDENTIFIER = laughingMonkey.CoolNotesUITests;
				PRODUCT_NAME = "$(TARGET_NAME)";
				TEST_TARGET_NAME = CoolNotes;
			};
			name = Debug;
		};
		A800A3731D354B2D001970FF /* Release */ = {
			isa = XCBuildConfiguration;
			buildSettings = {
				INFOPLIST_FILE = CoolNotesUITests/Info.plist;
				LD_RUNPATH_SEARCH_PATHS = "$(inherited) @executable_path/Frameworks @loader_path/Frameworks";
				PRODUCT_BUNDLE_IDENTIFIER = laughingMonkey.CoolNotesUITests;
				PRODUCT_NAME = "$(TARGET_NAME)";
				TEST_TARGET_NAME = CoolNotes;
			};
			name = Release;
		};
/* End XCBuildConfiguration section */

/* Begin XCConfigurationList section */
		A800A33E1D354B2C001970FF /* Build configuration list for PBXProject "CoolNotes" */ = {
			isa = XCConfigurationList;
			buildConfigurations = (
				A800A3691D354B2D001970FF /* Debug */,
				A800A36A1D354B2D001970FF /* Release */,
			);
			defaultConfigurationIsVisible = 0;
			defaultConfigurationName = Release;
		};
		A800A36B1D354B2D001970FF /* Build configuration list for PBXNativeTarget "CoolNotes" */ = {
			isa = XCConfigurationList;
			buildConfigurations = (
				A800A36C1D354B2D001970FF /* Debug */,
				A800A36D1D354B2D001970FF /* Release */,
			);
			defaultConfigurationIsVisible = 0;
		};
		A800A36E1D354B2D001970FF /* Build configuration list for PBXNativeTarget "CoolNotesTests" */ = {
			isa = XCConfigurationList;
			buildConfigurations = (
				A800A36F1D354B2D001970FF /* Debug */,
				A800A3701D354B2D001970FF /* Release */,
			);
			defaultConfigurationIsVisible = 0;
		};
		A800A3711D354B2D001970FF /* Build configuration list for PBXNativeTarget "CoolNotesUITests" */ = {
			isa = XCConfigurationList;
			buildConfigurations = (
				A800A3721D354B2D001970FF /* Debug */,
				A800A3731D354B2D001970FF /* Release */,
			);
			defaultConfigurationIsVisible = 0;
		};
/* End XCConfigurationList section */

/* Begin XCVersionGroup section */
		A800A3741D354B87001970FF /* NotesData.xcdatamodeld */ = {
			isa = XCVersionGroup;
			children = (
				A800A3751D354B87001970FF /* NotesData.xcdatamodel */,
			);
			currentVersion = A800A3751D354B87001970FF /* NotesData.xcdatamodel */;
			name = NotesData.xcdatamodeld;
			path = ../NotesData.xcdatamodeld;
			sourceTree = "<group>";
			versionGroupType = wrapper.xcdatamodel;
		};
/* End XCVersionGroup section */
	};
	rootObject = A800A33B1D354B2C001970FF /* Project object */;
}
