// !$*UTF8*$!
{
	archiveVersion = 1;
	classes = {
	};
	objectVersion = 46;
	objects = {

/* Begin PBXBuildFile section */
		A81259CE1D2EEE2600BE0F9F /* AppDelegate.swift in Sources */ = {isa = PBXBuildFile; fileRef = A81259CD1D2EEE2600BE0F9F /* AppDelegate.swift */; };
		A81259D31D2EEE2600BE0F9F /* Main.storyboard in Resources */ = {isa = PBXBuildFile; fileRef = A81259D11D2EEE2600BE0F9F /* Main.storyboard */; };
		A81259D51D2EEE2600BE0F9F /* Assets.xcassets in Resources */ = {isa = PBXBuildFile; fileRef = A81259D41D2EEE2600BE0F9F /* Assets.xcassets */; };
		A81259D81D2EEE2600BE0F9F /* LaunchScreen.storyboard in Resources */ = {isa = PBXBuildFile; fileRef = A81259D61D2EEE2600BE0F9F /* LaunchScreen.storyboard */; };
		A81259E31D2EEE2600BE0F9F /* Make_your_own_adventureTests.swift in Sources */ = {isa = PBXBuildFile; fileRef = A81259E21D2EEE2600BE0F9F /* Make_your_own_adventureTests.swift */; };
		A81259EE1D2EEE2600BE0F9F /* Make_your_own_adventureUITests.swift in Sources */ = {isa = PBXBuildFile; fileRef = A81259ED1D2EEE2600BE0F9F /* Make_your_own_adventureUITests.swift */; };
		A81259FC1D2EEE7600BE0F9F /* ViewController.swift in Sources */ = {isa = PBXBuildFile; fileRef = A81259FB1D2EEE7600BE0F9F /* ViewController.swift */; };
/* End PBXBuildFile section */

/* Begin PBXContainerItemProxy section */
		A81259DF1D2EEE2600BE0F9F /* PBXContainerItemProxy */ = {
			isa = PBXContainerItemProxy;
			containerPortal = A81259C21D2EEE2600BE0F9F /* Project object */;
			proxyType = 1;
			remoteGlobalIDString = A81259C91D2EEE2600BE0F9F;
			remoteInfo = "Make your own adventure";
		};
		A81259EA1D2EEE2600BE0F9F /* PBXContainerItemProxy */ = {
			isa = PBXContainerItemProxy;
			containerPortal = A81259C21D2EEE2600BE0F9F /* Project object */;
			proxyType = 1;
			remoteGlobalIDString = A81259C91D2EEE2600BE0F9F;
			remoteInfo = "Make your own adventure";
		};
/* End PBXContainerItemProxy section */

/* Begin PBXFileReference section */
		A81259CA1D2EEE2600BE0F9F /* Make your own adventure.app */ = {isa = PBXFileReference; explicitFileType = wrapper.application; includeInIndex = 0; path = "Make your own adventure.app"; sourceTree = BUILT_PRODUCTS_DIR; };
		A81259CD1D2EEE2600BE0F9F /* AppDelegate.swift */ = {isa = PBXFileReference; lastKnownFileType = sourcecode.swift; path = AppDelegate.swift; sourceTree = "<group>"; };
		A81259D21D2EEE2600BE0F9F /* Base */ = {isa = PBXFileReference; lastKnownFileType = file.storyboard; name = Base; path = Base.lproj/Main.storyboard; sourceTree = "<group>"; };
		A81259D41D2EEE2600BE0F9F /* Assets.xcassets */ = {isa = PBXFileReference; lastKnownFileType = folder.assetcatalog; path = Assets.xcassets; sourceTree = "<group>"; };
		A81259D71D2EEE2600BE0F9F /* Base */ = {isa = PBXFileReference; lastKnownFileType = file.storyboard; name = Base; path = Base.lproj/LaunchScreen.storyboard; sourceTree = "<group>"; };
		A81259D91D2EEE2600BE0F9F /* Info.plist */ = {isa = PBXFileReference; lastKnownFileType = text.plist.xml; path = Info.plist; sourceTree = "<group>"; };
		A81259DE1D2EEE2600BE0F9F /* Make your own adventureTests.xctest */ = {isa = PBXFileReference; explicitFileType = wrapper.cfbundle; includeInIndex = 0; path = "Make your own adventureTests.xctest"; sourceTree = BUILT_PRODUCTS_DIR; };
		A81259E21D2EEE2600BE0F9F /* Make_your_own_adventureTests.swift */ = {isa = PBXFileReference; lastKnownFileType = sourcecode.swift; path = Make_your_own_adventureTests.swift; sourceTree = "<group>"; };
		A81259E41D2EEE2600BE0F9F /* Info.plist */ = {isa = PBXFileReference; lastKnownFileType = text.plist.xml; path = Info.plist; sourceTree = "<group>"; };
		A81259E91D2EEE2600BE0F9F /* Make your own adventureUITests.xctest */ = {isa = PBXFileReference; explicitFileType = wrapper.cfbundle; includeInIndex = 0; path = "Make your own adventureUITests.xctest"; sourceTree = BUILT_PRODUCTS_DIR; };
		A81259ED1D2EEE2600BE0F9F /* Make_your_own_adventureUITests.swift */ = {isa = PBXFileReference; lastKnownFileType = sourcecode.swift; path = Make_your_own_adventureUITests.swift; sourceTree = "<group>"; };
		A81259EF1D2EEE2600BE0F9F /* Info.plist */ = {isa = PBXFileReference; lastKnownFileType = text.plist.xml; path = Info.plist; sourceTree = "<group>"; };
		A81259FB1D2EEE7600BE0F9F /* ViewController.swift */ = {isa = PBXFileReference; fileEncoding = 4; lastKnownFileType = sourcecode.swift; path = ViewController.swift; sourceTree = "<group>"; };
/* End PBXFileReference section */

/* Begin PBXFrameworksBuildPhase section */
		A81259C71D2EEE2600BE0F9F /* Frameworks */ = {
			isa = PBXFrameworksBuildPhase;
			buildActionMask = 2147483647;
			files = (
			);
			runOnlyForDeploymentPostprocessing = 0;
		};
		A81259DB1D2EEE2600BE0F9F /* Frameworks */ = {
			isa = PBXFrameworksBuildPhase;
			buildActionMask = 2147483647;
			files = (
			);
			runOnlyForDeploymentPostprocessing = 0;
		};
		A81259E61D2EEE2600BE0F9F /* Frameworks */ = {
			isa = PBXFrameworksBuildPhase;
			buildActionMask = 2147483647;
			files = (
			);
			runOnlyForDeploymentPostprocessing = 0;
		};
/* End PBXFrameworksBuildPhase section */

/* Begin PBXGroup section */
		A81259C11D2EEE2600BE0F9F = {
			isa = PBXGroup;
			children = (
				A81259CC1D2EEE2600BE0F9F /* Make your own adventure */,
				A81259E11D2EEE2600BE0F9F /* Make your own adventureTests */,
				A81259EC1D2EEE2600BE0F9F /* Make your own adventureUITests */,
				A81259CB1D2EEE2600BE0F9F /* Products */,
			);
			sourceTree = "<group>";
		};
		A81259CB1D2EEE2600BE0F9F /* Products */ = {
			isa = PBXGroup;
			children = (
				A81259CA1D2EEE2600BE0F9F /* Make your own adventure.app */,
				A81259DE1D2EEE2600BE0F9F /* Make your own adventureTests.xctest */,
				A81259E91D2EEE2600BE0F9F /* Make your own adventureUITests.xctest */,
			);
			name = Products;
			sourceTree = "<group>";
		};
		A81259CC1D2EEE2600BE0F9F /* Make your own adventure */ = {
			isa = PBXGroup;
			children = (
				A81259CD1D2EEE2600BE0F9F /* AppDelegate.swift */,
				A81259D11D2EEE2600BE0F9F /* Main.storyboard */,
				A81259D41D2EEE2600BE0F9F /* Assets.xcassets */,
				A81259D61D2EEE2600BE0F9F /* LaunchScreen.storyboard */,
				A81259D91D2EEE2600BE0F9F /* Info.plist */,
				A81259FB1D2EEE7600BE0F9F /* ViewController.swift */,
			);
			path = "Make your own adventure";
			sourceTree = "<group>";
		};
		A81259E11D2EEE2600BE0F9F /* Make your own adventureTests */ = {
			isa = PBXGroup;
			children = (
				A81259E21D2EEE2600BE0F9F /* Make_your_own_adventureTests.swift */,
				A81259E41D2EEE2600BE0F9F /* Info.plist */,
			);
			path = "Make your own adventureTests";
			sourceTree = "<group>";
		};
		A81259EC1D2EEE2600BE0F9F /* Make your own adventureUITests */ = {
			isa = PBXGroup;
			children = (
				A81259ED1D2EEE2600BE0F9F /* Make_your_own_adventureUITests.swift */,
				A81259EF1D2EEE2600BE0F9F /* Info.plist */,
			);
			path = "Make your own adventureUITests";
			sourceTree = "<group>";
		};
/* End PBXGroup section */

/* Begin PBXNativeTarget section */
		A81259C91D2EEE2600BE0F9F /* Make your own adventure */ = {
			isa = PBXNativeTarget;
			buildConfigurationList = A81259F21D2EEE2600BE0F9F /* Build configuration list for PBXNativeTarget "Make your own adventure" */;
			buildPhases = (
				A81259C61D2EEE2600BE0F9F /* Sources */,
				A81259C71D2EEE2600BE0F9F /* Frameworks */,
				A81259C81D2EEE2600BE0F9F /* Resources */,
			);
			buildRules = (
			);
			dependencies = (
			);
			name = "Make your own adventure";
			productName = "Make your own adventure";
			productReference = A81259CA1D2EEE2600BE0F9F /* Make your own adventure.app */;
			productType = "com.apple.product-type.application";
		};
		A81259DD1D2EEE2600BE0F9F /* Make your own adventureTests */ = {
			isa = PBXNativeTarget;
			buildConfigurationList = A81259F51D2EEE2600BE0F9F /* Build configuration list for PBXNativeTarget "Make your own adventureTests" */;
			buildPhases = (
				A81259DA1D2EEE2600BE0F9F /* Sources */,
				A81259DB1D2EEE2600BE0F9F /* Frameworks */,
				A81259DC1D2EEE2600BE0F9F /* Resources */,
			);
			buildRules = (
			);
			dependencies = (
				A81259E01D2EEE2600BE0F9F /* PBXTargetDependency */,
			);
			name = "Make your own adventureTests";
			productName = "Make your own adventureTests";
			productReference = A81259DE1D2EEE2600BE0F9F /* Make your own adventureTests.xctest */;
			productType = "com.apple.product-type.bundle.unit-test";
		};
		A81259E81D2EEE2600BE0F9F /* Make your own adventureUITests */ = {
			isa = PBXNativeTarget;
			buildConfigurationList = A81259F81D2EEE2600BE0F9F /* Build configuration list for PBXNativeTarget "Make your own adventureUITests" */;
			buildPhases = (
				A81259E51D2EEE2600BE0F9F /* Sources */,
				A81259E61D2EEE2600BE0F9F /* Frameworks */,
				A81259E71D2EEE2600BE0F9F /* Resources */,
			);
			buildRules = (
			);
			dependencies = (
				A81259EB1D2EEE2600BE0F9F /* PBXTargetDependency */,
			);
			name = "Make your own adventureUITests";
			productName = "Make your own adventureUITests";
			productReference = A81259E91D2EEE2600BE0F9F /* Make your own adventureUITests.xctest */;
			productType = "com.apple.product-type.bundle.ui-testing";
		};
/* End PBXNativeTarget section */

/* Begin PBXProject section */
		A81259C21D2EEE2600BE0F9F /* Project object */ = {
			isa = PBXProject;
			attributes = {
				LastSwiftUpdateCheck = 0730;
				LastUpgradeCheck = 0730;
				ORGANIZATIONNAME = "Hsu, KuoCheng";
				TargetAttributes = {
					A81259C91D2EEE2600BE0F9F = {
						CreatedOnToolsVersion = 7.3.1;
					};
					A81259DD1D2EEE2600BE0F9F = {
						CreatedOnToolsVersion = 7.3.1;
						TestTargetID = A81259C91D2EEE2600BE0F9F;
					};
					A81259E81D2EEE2600BE0F9F = {
						CreatedOnToolsVersion = 7.3.1;
						TestTargetID = A81259C91D2EEE2600BE0F9F;
					};
				};
			};
			buildConfigurationList = A81259C51D2EEE2600BE0F9F /* Build configuration list for PBXProject "Make your own adventure" */;
			compatibilityVersion = "Xcode 3.2";
			developmentRegion = English;
			hasScannedForEncodings = 0;
			knownRegions = (
				en,
				Base,
			);
			mainGroup = A81259C11D2EEE2600BE0F9F;
			productRefGroup = A81259CB1D2EEE2600BE0F9F /* Products */;
			projectDirPath = "";
			projectRoot = "";
			targets = (
				A81259C91D2EEE2600BE0F9F /* Make your own adventure */,
				A81259DD1D2EEE2600BE0F9F /* Make your own adventureTests */,
				A81259E81D2EEE2600BE0F9F /* Make your own adventureUITests */,
			);
		};
/* End PBXProject section */

/* Begin PBXResourcesBuildPhase section */
		A81259C81D2EEE2600BE0F9F /* Resources */ = {
			isa = PBXResourcesBuildPhase;
			buildActionMask = 2147483647;
			files = (
				A81259D81D2EEE2600BE0F9F /* LaunchScreen.storyboard in Resources */,
				A81259D51D2EEE2600BE0F9F /* Assets.xcassets in Resources */,
				A81259D31D2EEE2600BE0F9F /* Main.storyboard in Resources */,
			);
			runOnlyForDeploymentPostprocessing = 0;
		};
		A81259DC1D2EEE2600BE0F9F /* Resources */ = {
			isa = PBXResourcesBuildPhase;
			buildActionMask = 2147483647;
			files = (
			);
			runOnlyForDeploymentPostprocessing = 0;
		};
		A81259E71D2EEE2600BE0F9F /* Resources */ = {
			isa = PBXResourcesBuildPhase;
			buildActionMask = 2147483647;
			files = (
			);
			runOnlyForDeploymentPostprocessing = 0;
		};
/* End PBXResourcesBuildPhase section */

/* Begin PBXSourcesBuildPhase section */
		A81259C61D2EEE2600BE0F9F /* Sources */ = {
			isa = PBXSourcesBuildPhase;
			buildActionMask = 2147483647;
			files = (
				A81259FC1D2EEE7600BE0F9F /* ViewController.swift in Sources */,
				A81259CE1D2EEE2600BE0F9F /* AppDelegate.swift in Sources */,
			);
			runOnlyForDeploymentPostprocessing = 0;
		};
		A81259DA1D2EEE2600BE0F9F /* Sources */ = {
			isa = PBXSourcesBuildPhase;
			buildActionMask = 2147483647;
			files = (
				A81259E31D2EEE2600BE0F9F /* Make_your_own_adventureTests.swift in Sources */,
			);
			runOnlyForDeploymentPostprocessing = 0;
		};
		A81259E51D2EEE2600BE0F9F /* Sources */ = {
			isa = PBXSourcesBuildPhase;
			buildActionMask = 2147483647;
			files = (
				A81259EE1D2EEE2600BE0F9F /* Make_your_own_adventureUITests.swift in Sources */,
			);
			runOnlyForDeploymentPostprocessing = 0;
		};
/* End PBXSourcesBuildPhase section */

/* Begin PBXTargetDependency section */
		A81259E01D2EEE2600BE0F9F /* PBXTargetDependency */ = {
			isa = PBXTargetDependency;
			target = A81259C91D2EEE2600BE0F9F /* Make your own adventure */;
			targetProxy = A81259DF1D2EEE2600BE0F9F /* PBXContainerItemProxy */;
		};
		A81259EB1D2EEE2600BE0F9F /* PBXTargetDependency */ = {
			isa = PBXTargetDependency;
			target = A81259C91D2EEE2600BE0F9F /* Make your own adventure */;
			targetProxy = A81259EA1D2EEE2600BE0F9F /* PBXContainerItemProxy */;
		};
/* End PBXTargetDependency section */

/* Begin PBXVariantGroup section */
		A81259D11D2EEE2600BE0F9F /* Main.storyboard */ = {
			isa = PBXVariantGroup;
			children = (
				A81259D21D2EEE2600BE0F9F /* Base */,
			);
			name = Main.storyboard;
			sourceTree = "<group>";
		};
		A81259D61D2EEE2600BE0F9F /* LaunchScreen.storyboard */ = {
			isa = PBXVariantGroup;
			children = (
				A81259D71D2EEE2600BE0F9F /* Base */,
			);
			name = LaunchScreen.storyboard;
			sourceTree = "<group>";
		};
/* End PBXVariantGroup section */

/* Begin XCBuildConfiguration section */
		A81259F01D2EEE2600BE0F9F /* Debug */ = {
			isa = XCBuildConfiguration;
			buildSettings = {
				ALWAYS_SEARCH_USER_PATHS = NO;
				CLANG_ANALYZER_NONNULL = YES;
				CLANG_CXX_LANGUAGE_STANDARD = "gnu++0x";
				CLANG_CXX_LIBRARY = "libc++";
				CLANG_ENABLE_MODULES = YES;
				CLANG_ENABLE_OBJC_ARC = YES;
				CLANG_WARN_BOOL_CONVERSION = YES;
				CLANG_WARN_CONSTANT_CONVERSION = YES;
				CLANG_WARN_DIRECT_OBJC_ISA_USAGE = YES_ERROR;
				CLANG_WARN_EMPTY_BODY = YES;
				CLANG_WARN_ENUM_CONVERSION = YES;
				CLANG_WARN_INT_CONVERSION = YES;
				CLANG_WARN_OBJC_ROOT_CLASS = YES_ERROR;
				CLANG_WARN_UNREACHABLE_CODE = YES;
				CLANG_WARN__DUPLICATE_METHOD_MATCH = YES;
				"CODE_SIGN_IDENTITY[sdk=iphoneos*]" = "iPhone Developer";
				COPY_PHASE_STRIP = NO;
				DEBUG_INFORMATION_FORMAT = dwarf;
				ENABLE_STRICT_OBJC_MSGSEND = YES;
				ENABLE_TESTABILITY = YES;
				GCC_C_LANGUAGE_STANDARD = gnu99;
				GCC_DYNAMIC_NO_PIC = NO;
				GCC_NO_COMMON_BLOCKS = YES;
				GCC_OPTIMIZATION_LEVEL = 0;
				GCC_PREPROCESSOR_DEFINITIONS = (
					"DEBUG=1",
					"$(inherited)",
				);
				GCC_WARN_64_TO_32_BIT_CONVERSION = YES;
				GCC_WARN_ABOUT_RETURN_TYPE = YES_ERROR;
				GCC_WARN_UNDECLARED_SELECTOR = YES;
				GCC_WARN_UNINITIALIZED_AUTOS = YES_AGGRESSIVE;
				GCC_WARN_UNUSED_FUNCTION = YES;
				GCC_WARN_UNUSED_VARIABLE = YES;
				IPHONEOS_DEPLOYMENT_TARGET = 9.3;
				MTL_ENABLE_DEBUG_INFO = YES;
				ONLY_ACTIVE_ARCH = YES;
				SDKROOT = iphoneos;
				SWIFT_OPTIMIZATION_LEVEL = "-Onone";
				TARGETED_DEVICE_FAMILY = "1,2";
			};
			name = Debug;
		};
		A81259F11D2EEE2600BE0F9F /* Release */ = {
			isa = XCBuildConfiguration;
			buildSettings = {
				ALWAYS_SEARCH_USER_PATHS = NO;
				CLANG_ANALYZER_NONNULL = YES;
				CLANG_CXX_LANGUAGE_STANDARD = "gnu++0x";
				CLANG_CXX_LIBRARY = "libc++";
				CLANG_ENABLE_MODULES = YES;
				CLANG_ENABLE_OBJC_ARC = YES;
				CLANG_WARN_BOOL_CONVERSION = YES;
				CLANG_WARN_CONSTANT_CONVERSION = YES;
				CLANG_WARN_DIRECT_OBJC_ISA_USAGE = YES_ERROR;
				CLANG_WARN_EMPTY_BODY = YES;
				CLANG_WARN_ENUM_CONVERSION = YES;
				CLANG_WARN_INT_CONVERSION = YES;
				CLANG_WARN_OBJC_ROOT_CLASS = YES_ERROR;
				CLANG_WARN_UNREACHABLE_CODE = YES;
				CLANG_WARN__DUPLICATE_METHOD_MATCH = YES;
				"CODE_SIGN_IDENTITY[sdk=iphoneos*]" = "iPhone Developer";
				COPY_PHASE_STRIP = NO;
				DEBUG_INFORMATION_FORMAT = "dwarf-with-dsym";
				ENABLE_NS_ASSERTIONS = NO;
				ENABLE_STRICT_OBJC_MSGSEND = YES;
				GCC_C_LANGUAGE_STANDARD = gnu99;
				GCC_NO_COMMON_BLOCKS = YES;
				GCC_WARN_64_TO_32_BIT_CONVERSION = YES;
				GCC_WARN_ABOUT_RETURN_TYPE = YES_ERROR;
				GCC_WARN_UNDECLARED_SELECTOR = YES;
				GCC_WARN_UNINITIALIZED_AUTOS = YES_AGGRESSIVE;
				GCC_WARN_UNUSED_FUNCTION = YES;
				GCC_WARN_UNUSED_VARIABLE = YES;
				IPHONEOS_DEPLOYMENT_TARGET = 9.3;
				MTL_ENABLE_DEBUG_INFO = NO;
				SDKROOT = iphoneos;
				TARGETED_DEVICE_FAMILY = "1,2";
				VALIDATE_PRODUCT = YES;
			};
			name = Release;
		};
		A81259F31D2EEE2600BE0F9F /* Debug */ = {
			isa = XCBuildConfiguration;
			buildSettings = {
				ASSETCATALOG_COMPILER_APPICON_NAME = AppIcon;
				INFOPLIST_FILE = "Make your own adventure/Info.plist";
				LD_RUNPATH_SEARCH_PATHS = "$(inherited) @executable_path/Frameworks";
				PRODUCT_BUNDLE_IDENTIFIER = "com.laughingmonkey.Make-your-own-adventure";
				PRODUCT_NAME = "$(TARGET_NAME)";
			};
			name = Debug;
		};
		A81259F41D2EEE2600BE0F9F /* Release */ = {
			isa = XCBuildConfiguration;
			buildSettings = {
				ASSETCATALOG_COMPILER_APPICON_NAME = AppIcon;
				INFOPLIST_FILE = "Make your own adventure/Info.plist";
				LD_RUNPATH_SEARCH_PATHS = "$(inherited) @executable_path/Frameworks";
				PRODUCT_BUNDLE_IDENTIFIER = "com.laughingmonkey.Make-your-own-adventure";
				PRODUCT_NAME = "$(TARGET_NAME)";
			};
			name = Release;
		};
		A81259F61D2EEE2600BE0F9F /* Debug */ = {
			isa = XCBuildConfiguration;
			buildSettings = {
				BUNDLE_LOADER = "$(TEST_HOST)";
				INFOPLIST_FILE = "Make your own adventureTests/Info.plist";
				LD_RUNPATH_SEARCH_PATHS = "$(inherited) @executable_path/Frameworks @loader_path/Frameworks";
				PRODUCT_BUNDLE_IDENTIFIER = "com.laughingmonkey.Make-your-own-adventureTests";
				PRODUCT_NAME = "$(TARGET_NAME)";
				TEST_HOST = "$(BUILT_PRODUCTS_DIR)/Make your own adventure.app/Make your own adventure";
			};
			name = Debug;
		};
		A81259F71D2EEE2600BE0F9F /* Release */ = {
			isa = XCBuildConfiguration;
			buildSettings = {
				BUNDLE_LOADER = "$(TEST_HOST)";
				INFOPLIST_FILE = "Make your own adventureTests/Info.plist";
				LD_RUNPATH_SEARCH_PATHS = "$(inherited) @executable_path/Frameworks @loader_path/Frameworks";
				PRODUCT_BUNDLE_IDENTIFIER = "com.laughingmonkey.Make-your-own-adventureTests";
				PRODUCT_NAME = "$(TARGET_NAME)";
				TEST_HOST = "$(BUILT_PRODUCTS_DIR)/Make your own adventure.app/Make your own adventure";
			};
			name = Release;
		};
		A81259F91D2EEE2600BE0F9F /* Debug */ = {
			isa = XCBuildConfiguration;
			buildSettings = {
				INFOPLIST_FILE = "Make your own adventureUITests/Info.plist";
				LD_RUNPATH_SEARCH_PATHS = "$(inherited) @executable_path/Frameworks @loader_path/Frameworks";
				PRODUCT_BUNDLE_IDENTIFIER = "com.laughingmonkey.Make-your-own-adventureUITests";
				PRODUCT_NAME = "$(TARGET_NAME)";
				TEST_TARGET_NAME = "Make your own adventure";
			};
			name = Debug;
		};
		A81259FA1D2EEE2600BE0F9F /* Release */ = {
			isa = XCBuildConfiguration;
			buildSettings = {
				INFOPLIST_FILE = "Make your own adventureUITests/Info.plist";
				LD_RUNPATH_SEARCH_PATHS = "$(inherited) @executable_path/Frameworks @loader_path/Frameworks";
				PRODUCT_BUNDLE_IDENTIFIER = "com.laughingmonkey.Make-your-own-adventureUITests";
				PRODUCT_NAME = "$(TARGET_NAME)";
				TEST_TARGET_NAME = "Make your own adventure";
			};
			name = Release;
		};
/* End XCBuildConfiguration section */

/* Begin XCConfigurationList section */
		A81259C51D2EEE2600BE0F9F /* Build configuration list for PBXProject "Make your own adventure" */ = {
			isa = XCConfigurationList;
			buildConfigurations = (
				A81259F01D2EEE2600BE0F9F /* Debug */,
				A81259F11D2EEE2600BE0F9F /* Release */,
			);
			defaultConfigurationIsVisible = 0;
			defaultConfigurationName = Release;
		};
		A81259F21D2EEE2600BE0F9F /* Build configuration list for PBXNativeTarget "Make your own adventure" */ = {
			isa = XCConfigurationList;
			buildConfigurations = (
				A81259F31D2EEE2600BE0F9F /* Debug */,
				A81259F41D2EEE2600BE0F9F /* Release */,
			);
			defaultConfigurationIsVisible = 0;
		};
		A81259F51D2EEE2600BE0F9F /* Build configuration list for PBXNativeTarget "Make your own adventureTests" */ = {
			isa = XCConfigurationList;
			buildConfigurations = (
				A81259F61D2EEE2600BE0F9F /* Debug */,
				A81259F71D2EEE2600BE0F9F /* Release */,
			);
			defaultConfigurationIsVisible = 0;
		};
		A81259F81D2EEE2600BE0F9F /* Build configuration list for PBXNativeTarget "Make your own adventureUITests" */ = {
			isa = XCConfigurationList;
			buildConfigurations = (
				A81259F91D2EEE2600BE0F9F /* Debug */,
				A81259FA1D2EEE2600BE0F9F /* Release */,
			);
			defaultConfigurationIsVisible = 0;
		};
/* End XCConfigurationList section */
	};
	rootObject = A81259C21D2EEE2600BE0F9F /* Project object */;
}
